// !$*UTF8*$!
{
	archiveVersion = 1;
	classes = {
	};
	objectVersion = 56;
	objects = {

/* Begin PBXBuildFile section */
		CD4324D12C6D16BF0030FE73 /* AppDelegate.swift in Sources */ = {isa = PBXBuildFile; fileRef = CD4324D02C6D16BF0030FE73 /* AppDelegate.swift */; };
		CD4324DA2C6D16C10030FE73 /* Assets.xcassets in Resources */ = {isa = PBXBuildFile; fileRef = CD4324D92C6D16C10030FE73 /* Assets.xcassets */; };
		CD4324DD2C6D16C10030FE73 /* Base in Resources */ = {isa = PBXBuildFile; fileRef = CD4324DC2C6D16C10030FE73 /* Base */; };
		CD4324F22C6D16C10030FE73 /* PlacesUITests.swift in Sources */ = {isa = PBXBuildFile; fileRef = CD4324F12C6D16C10030FE73 /* PlacesUITests.swift */; };
		CD4324F42C6D16C10030FE73 /* PlacesUITestsLaunchTests.swift in Sources */ = {isa = PBXBuildFile; fileRef = CD4324F32C6D16C10030FE73 /* PlacesUITestsLaunchTests.swift */; };
		CD4325032C6D18550030FE73 /* MainCoordinatorProtocol.swift in Sources */ = {isa = PBXBuildFile; fileRef = CD4325022C6D18550030FE73 /* MainCoordinatorProtocol.swift */; };
		CD4325052C6D18680030FE73 /* MainCoordinator.swift in Sources */ = {isa = PBXBuildFile; fileRef = CD4325042C6D18680030FE73 /* MainCoordinator.swift */; };
		CD4325092C6D19790030FE73 /* PlacesViewController.swift in Sources */ = {isa = PBXBuildFile; fileRef = CD4325082C6D19790030FE73 /* PlacesViewController.swift */; };
		CD43250B2C6D19B10030FE73 /* PlacesView.swift in Sources */ = {isa = PBXBuildFile; fileRef = CD43250A2C6D19B10030FE73 /* PlacesView.swift */; };
		CD43250D2C6D1A240030FE73 /* Factory.swift in Sources */ = {isa = PBXBuildFile; fileRef = CD43250C2C6D1A240030FE73 /* Factory.swift */; };
		CD43251F2C6D26A80030FE73 /* LocationsGetResponse.swift in Sources */ = {isa = PBXBuildFile; fileRef = CD43251E2C6D26A80030FE73 /* LocationsGetResponse.swift */; };
		CD4325212C6D26C00030FE73 /* Location.swift in Sources */ = {isa = PBXBuildFile; fileRef = CD4325202C6D26C00030FE73 /* Location.swift */; };
		CD4325252C6D27A10030FE73 /* LocationsGetService.swift in Sources */ = {isa = PBXBuildFile; fileRef = CD4325242C6D27A10030FE73 /* LocationsGetService.swift */; };
		CD4325272C6D28D10030FE73 /* PlacesViewModel.swift in Sources */ = {isa = PBXBuildFile; fileRef = CD4325262C6D28D10030FE73 /* PlacesViewModel.swift */; };
		CD43252A2C6D299B0030FE73 /* MockLocationsGetService.swift in Sources */ = {isa = PBXBuildFile; fileRef = CD4325292C6D299B0030FE73 /* MockLocationsGetService.swift */; };
		CD43252C2C6D3A720030FE73 /* PlaceItemViewModel.swift in Sources */ = {isa = PBXBuildFile; fileRef = CD43252B2C6D3A720030FE73 /* PlaceItemViewModel.swift */; };
		CD43252E2C6E237A0030FE73 /* MockMainCoordinator.swift in Sources */ = {isa = PBXBuildFile; fileRef = CD43252D2C6E237A0030FE73 /* MockMainCoordinator.swift */; };
		CD4325312C6E28620030FE73 /* AddLocationViewController.swift in Sources */ = {isa = PBXBuildFile; fileRef = CD4325302C6E28620030FE73 /* AddLocationViewController.swift */; };
		CD4325332C6E28740030FE73 /* AddLocationView.swift in Sources */ = {isa = PBXBuildFile; fileRef = CD4325322C6E28740030FE73 /* AddLocationView.swift */; };
		CD4325352C6E288B0030FE73 /* AddLocationViewModel.swift in Sources */ = {isa = PBXBuildFile; fileRef = CD4325342C6E288B0030FE73 /* AddLocationViewModel.swift */; };
		CD43256F2C6E7C940030FE73 /* GetServiceProtocol.swift in Sources */ = {isa = PBXBuildFile; fileRef = CD43256E2C6E7C940030FE73 /* GetServiceProtocol.swift */; };
		CD4325712C6E80330030FE73 /* Configuration.swift in Sources */ = {isa = PBXBuildFile; fileRef = CD4325702C6E80330030FE73 /* Configuration.swift */; };
		CD4325742C6E89C40030FE73 /* LocationsGetServiceTests.swift in Sources */ = {isa = PBXBuildFile; fileRef = CD4325732C6E89C40030FE73 /* LocationsGetServiceTests.swift */; };
		CD4325772C6E8A390030FE73 /* MockURLProtocol.swift in Sources */ = {isa = PBXBuildFile; fileRef = CD4325762C6E8A390030FE73 /* MockURLProtocol.swift */; };
		CD9AE1EA2C6F536F00373318 /* LocationsGetServiceParser.swift in Sources */ = {isa = PBXBuildFile; fileRef = CD9AE1E92C6F536F00373318 /* LocationsGetServiceParser.swift */; };
		CD9AE1EC2C6FA0D000373318 /* DataError.swift in Sources */ = {isa = PBXBuildFile; fileRef = CD9AE1EB2C6FA0D000373318 /* DataError.swift */; };
		CD9AE1EF2C6FA12100373318 /* HTTPURLResponseExtension.swift in Sources */ = {isa = PBXBuildFile; fileRef = CD9AE1EE2C6FA12100373318 /* HTTPURLResponseExtension.swift */; };
		CD9AE1F12C6FA14D00373318 /* NSErrorExtension.swift in Sources */ = {isa = PBXBuildFile; fileRef = CD9AE1F02C6FA14D00373318 /* NSErrorExtension.swift */; };
		CD9AE1F42C6FB36300373318 /* LocationsGetServiceParserTests.swift in Sources */ = {isa = PBXBuildFile; fileRef = CD9AE1F32C6FB36300373318 /* LocationsGetServiceParserTests.swift */; };
		CD9AE1F72C6FB3CD00373318 /* LocationsFixture.swift in Sources */ = {isa = PBXBuildFile; fileRef = CD9AE1F62C6FB3CD00373318 /* LocationsFixture.swift */; };
/* End PBXBuildFile section */

/* Begin PBXContainerItemProxy section */
		CD4324E42C6D16C10030FE73 /* PBXContainerItemProxy */ = {
			isa = PBXContainerItemProxy;
			containerPortal = CD4324C52C6D16BF0030FE73 /* Project object */;
			proxyType = 1;
			remoteGlobalIDString = CD4324CC2C6D16BF0030FE73;
			remoteInfo = Places;
		};
		CD4324EE2C6D16C10030FE73 /* PBXContainerItemProxy */ = {
			isa = PBXContainerItemProxy;
			containerPortal = CD4324C52C6D16BF0030FE73 /* Project object */;
			proxyType = 1;
			remoteGlobalIDString = CD4324CC2C6D16BF0030FE73;
			remoteInfo = Places;
		};
/* End PBXContainerItemProxy section */

/* Begin PBXFileReference section */
		CD4324CD2C6D16BF0030FE73 /* Places.app */ = {isa = PBXFileReference; explicitFileType = wrapper.application; includeInIndex = 0; path = Places.app; sourceTree = BUILT_PRODUCTS_DIR; };
		CD4324D02C6D16BF0030FE73 /* AppDelegate.swift */ = {isa = PBXFileReference; lastKnownFileType = sourcecode.swift; path = AppDelegate.swift; sourceTree = "<group>"; };
		CD4324D92C6D16C10030FE73 /* Assets.xcassets */ = {isa = PBXFileReference; lastKnownFileType = folder.assetcatalog; path = Assets.xcassets; sourceTree = "<group>"; };
		CD4324DC2C6D16C10030FE73 /* Base */ = {isa = PBXFileReference; lastKnownFileType = file.storyboard; name = Base; path = Base.lproj/LaunchScreen.storyboard; sourceTree = "<group>"; };
		CD4324DE2C6D16C10030FE73 /* Info.plist */ = {isa = PBXFileReference; lastKnownFileType = text.plist.xml; path = Info.plist; sourceTree = "<group>"; };
		CD4324E32C6D16C10030FE73 /* PlacesTests.xctest */ = {isa = PBXFileReference; explicitFileType = wrapper.cfbundle; includeInIndex = 0; path = PlacesTests.xctest; sourceTree = BUILT_PRODUCTS_DIR; };
		CD4324ED2C6D16C10030FE73 /* PlacesUITests.xctest */ = {isa = PBXFileReference; explicitFileType = wrapper.cfbundle; includeInIndex = 0; path = PlacesUITests.xctest; sourceTree = BUILT_PRODUCTS_DIR; };
		CD4324F12C6D16C10030FE73 /* PlacesUITests.swift */ = {isa = PBXFileReference; lastKnownFileType = sourcecode.swift; path = PlacesUITests.swift; sourceTree = "<group>"; };
		CD4324F32C6D16C10030FE73 /* PlacesUITestsLaunchTests.swift */ = {isa = PBXFileReference; lastKnownFileType = sourcecode.swift; path = PlacesUITestsLaunchTests.swift; sourceTree = "<group>"; };
		CD4325022C6D18550030FE73 /* MainCoordinatorProtocol.swift */ = {isa = PBXFileReference; lastKnownFileType = sourcecode.swift; path = MainCoordinatorProtocol.swift; sourceTree = "<group>"; };
		CD4325042C6D18680030FE73 /* MainCoordinator.swift */ = {isa = PBXFileReference; lastKnownFileType = sourcecode.swift; path = MainCoordinator.swift; sourceTree = "<group>"; };
		CD4325082C6D19790030FE73 /* PlacesViewController.swift */ = {isa = PBXFileReference; lastKnownFileType = sourcecode.swift; path = PlacesViewController.swift; sourceTree = "<group>"; };
		CD43250A2C6D19B10030FE73 /* PlacesView.swift */ = {isa = PBXFileReference; lastKnownFileType = sourcecode.swift; path = PlacesView.swift; sourceTree = "<group>"; };
		CD43250C2C6D1A240030FE73 /* Factory.swift */ = {isa = PBXFileReference; lastKnownFileType = sourcecode.swift; path = Factory.swift; sourceTree = "<group>"; };
		CD43251E2C6D26A80030FE73 /* LocationsGetResponse.swift */ = {isa = PBXFileReference; lastKnownFileType = sourcecode.swift; path = LocationsGetResponse.swift; sourceTree = "<group>"; };
		CD4325202C6D26C00030FE73 /* Location.swift */ = {isa = PBXFileReference; lastKnownFileType = sourcecode.swift; path = Location.swift; sourceTree = "<group>"; };
		CD4325242C6D27A10030FE73 /* LocationsGetService.swift */ = {isa = PBXFileReference; lastKnownFileType = sourcecode.swift; path = LocationsGetService.swift; sourceTree = "<group>"; };
		CD4325262C6D28D10030FE73 /* PlacesViewModel.swift */ = {isa = PBXFileReference; lastKnownFileType = sourcecode.swift; path = PlacesViewModel.swift; sourceTree = "<group>"; };
		CD4325292C6D299B0030FE73 /* MockLocationsGetService.swift */ = {isa = PBXFileReference; lastKnownFileType = sourcecode.swift; path = MockLocationsGetService.swift; sourceTree = "<group>"; };
		CD43252B2C6D3A720030FE73 /* PlaceItemViewModel.swift */ = {isa = PBXFileReference; lastKnownFileType = sourcecode.swift; path = PlaceItemViewModel.swift; sourceTree = "<group>"; };
		CD43252D2C6E237A0030FE73 /* MockMainCoordinator.swift */ = {isa = PBXFileReference; lastKnownFileType = sourcecode.swift; path = MockMainCoordinator.swift; sourceTree = "<group>"; };
		CD4325302C6E28620030FE73 /* AddLocationViewController.swift */ = {isa = PBXFileReference; lastKnownFileType = sourcecode.swift; path = AddLocationViewController.swift; sourceTree = "<group>"; };
		CD4325322C6E28740030FE73 /* AddLocationView.swift */ = {isa = PBXFileReference; lastKnownFileType = sourcecode.swift; path = AddLocationView.swift; sourceTree = "<group>"; };
		CD4325342C6E288B0030FE73 /* AddLocationViewModel.swift */ = {isa = PBXFileReference; lastKnownFileType = sourcecode.swift; path = AddLocationViewModel.swift; sourceTree = "<group>"; };
		CD43256E2C6E7C940030FE73 /* GetServiceProtocol.swift */ = {isa = PBXFileReference; lastKnownFileType = sourcecode.swift; path = GetServiceProtocol.swift; sourceTree = "<group>"; };
		CD4325702C6E80330030FE73 /* Configuration.swift */ = {isa = PBXFileReference; lastKnownFileType = sourcecode.swift; path = Configuration.swift; sourceTree = "<group>"; };
		CD4325732C6E89C40030FE73 /* LocationsGetServiceTests.swift */ = {isa = PBXFileReference; lastKnownFileType = sourcecode.swift; path = LocationsGetServiceTests.swift; sourceTree = "<group>"; };
		CD4325762C6E8A390030FE73 /* MockURLProtocol.swift */ = {isa = PBXFileReference; lastKnownFileType = sourcecode.swift; path = MockURLProtocol.swift; sourceTree = "<group>"; };
		CD9AE1E92C6F536F00373318 /* LocationsGetServiceParser.swift */ = {isa = PBXFileReference; lastKnownFileType = sourcecode.swift; path = LocationsGetServiceParser.swift; sourceTree = "<group>"; };
		CD9AE1EB2C6FA0D000373318 /* DataError.swift */ = {isa = PBXFileReference; lastKnownFileType = sourcecode.swift; path = DataError.swift; sourceTree = "<group>"; };
		CD9AE1EE2C6FA12100373318 /* HTTPURLResponseExtension.swift */ = {isa = PBXFileReference; lastKnownFileType = sourcecode.swift; path = HTTPURLResponseExtension.swift; sourceTree = "<group>"; };
		CD9AE1F02C6FA14D00373318 /* NSErrorExtension.swift */ = {isa = PBXFileReference; lastKnownFileType = sourcecode.swift; path = NSErrorExtension.swift; sourceTree = "<group>"; };
		CD9AE1F32C6FB36300373318 /* LocationsGetServiceParserTests.swift */ = {isa = PBXFileReference; lastKnownFileType = sourcecode.swift; path = LocationsGetServiceParserTests.swift; sourceTree = "<group>"; };
		CD9AE1F62C6FB3CD00373318 /* LocationsFixture.swift */ = {isa = PBXFileReference; lastKnownFileType = sourcecode.swift; path = LocationsFixture.swift; sourceTree = "<group>"; };
/* End PBXFileReference section */

/* Begin PBXFrameworksBuildPhase section */
		CD4324CA2C6D16BF0030FE73 /* Frameworks */ = {
			isa = PBXFrameworksBuildPhase;
			buildActionMask = 2147483647;
			files = (
			);
			runOnlyForDeploymentPostprocessing = 0;
		};
		CD4324E02C6D16C10030FE73 /* Frameworks */ = {
			isa = PBXFrameworksBuildPhase;
			buildActionMask = 2147483647;
			files = (
			);
			runOnlyForDeploymentPostprocessing = 0;
		};
		CD4324EA2C6D16C10030FE73 /* Frameworks */ = {
			isa = PBXFrameworksBuildPhase;
			buildActionMask = 2147483647;
			files = (
			);
			runOnlyForDeploymentPostprocessing = 0;
		};
/* End PBXFrameworksBuildPhase section */

/* Begin PBXGroup section */
		CD4324C42C6D16BF0030FE73 = {
			isa = PBXGroup;
			children = (
				CD4324CF2C6D16BF0030FE73 /* Places */,
				CD4324E62C6D16C10030FE73 /* PlacesTests */,
				CD4324F02C6D16C10030FE73 /* PlacesUITests */,
				CD4324CE2C6D16BF0030FE73 /* Products */,
			);
			sourceTree = "<group>";
		};
		CD4324CE2C6D16BF0030FE73 /* Products */ = {
			isa = PBXGroup;
			children = (
				CD4324CD2C6D16BF0030FE73 /* Places.app */,
				CD4324E32C6D16C10030FE73 /* PlacesTests.xctest */,
				CD4324ED2C6D16C10030FE73 /* PlacesUITests.xctest */,
			);
			name = Products;
			sourceTree = "<group>";
		};
		CD4324CF2C6D16BF0030FE73 /* Places */ = {
			isa = PBXGroup;
			children = (
				CD4325012C6D181D0030FE73 /* Coordinator */,
				CD4325222C6D27770030FE73 /* Network */,
				CD43251D2C6D26750030FE73 /* Model */,
				CD4325062C6D18E10030FE73 /* Views */,
				CD4325002C6D18040030FE73 /* Factory */,
				CD4325282C6D29770030FE73 /* PreviewMocks */,
				CD4324D02C6D16BF0030FE73 /* AppDelegate.swift */,
				CD4325702C6E80330030FE73 /* Configuration.swift */,
				CD4324D92C6D16C10030FE73 /* Assets.xcassets */,
				CD4324DB2C6D16C10030FE73 /* LaunchScreen.storyboard */,
				CD4324DE2C6D16C10030FE73 /* Info.plist */,
			);
			path = Places;
			sourceTree = "<group>";
		};
		CD4324E62C6D16C10030FE73 /* PlacesTests */ = {
			isa = PBXGroup;
			children = (
				CD9AE1F52C6FB38A00373318 /* Fixtures */,
				CD4325752C6E8A250030FE73 /* Mock */,
				CD4325722C6E89450030FE73 /* Network */,
			);
			path = PlacesTests;
			sourceTree = "<group>";
		};
		CD4324F02C6D16C10030FE73 /* PlacesUITests */ = {
			isa = PBXGroup;
			children = (
				CD4324F12C6D16C10030FE73 /* PlacesUITests.swift */,
				CD4324F32C6D16C10030FE73 /* PlacesUITestsLaunchTests.swift */,
			);
			path = PlacesUITests;
			sourceTree = "<group>";
		};
		CD4325002C6D18040030FE73 /* Factory */ = {
			isa = PBXGroup;
			children = (
				CD43250C2C6D1A240030FE73 /* Factory.swift */,
			);
			path = Factory;
			sourceTree = "<group>";
		};
		CD4325012C6D181D0030FE73 /* Coordinator */ = {
			isa = PBXGroup;
			children = (
				CD4325022C6D18550030FE73 /* MainCoordinatorProtocol.swift */,
				CD4325042C6D18680030FE73 /* MainCoordinator.swift */,
			);
			path = Coordinator;
			sourceTree = "<group>";
		};
		CD4325062C6D18E10030FE73 /* Views */ = {
			isa = PBXGroup;
			children = (
				CD43252F2C6E28490030FE73 /* AddLocation */,
				CD4325072C6D19540030FE73 /* Places */,
			);
			path = Views;
			sourceTree = "<group>";
		};
		CD4325072C6D19540030FE73 /* Places */ = {
			isa = PBXGroup;
			children = (
				CD4325082C6D19790030FE73 /* PlacesViewController.swift */,
				CD43250A2C6D19B10030FE73 /* PlacesView.swift */,
				CD4325262C6D28D10030FE73 /* PlacesViewModel.swift */,
				CD43252B2C6D3A720030FE73 /* PlaceItemViewModel.swift */,
			);
			path = Places;
			sourceTree = "<group>";
		};
		CD43251D2C6D26750030FE73 /* Model */ = {
			isa = PBXGroup;
			children = (
				CD43251E2C6D26A80030FE73 /* LocationsGetResponse.swift */,
				CD4325202C6D26C00030FE73 /* Location.swift */,
			);
			path = Model;
			sourceTree = "<group>";
		};
		CD4325222C6D27770030FE73 /* Network */ = {
			isa = PBXGroup;
			children = (
				CD9AE1ED2C6FA0F800373318 /* Extensions */,
				CD9AE1E82C6F533200373318 /* Parser */,
				CD4325232C6D277E0030FE73 /* Services */,
			);
			path = Network;
			sourceTree = "<group>";
		};
		CD4325232C6D277E0030FE73 /* Services */ = {
			isa = PBXGroup;
			children = (
				CD4325242C6D27A10030FE73 /* LocationsGetService.swift */,
				CD43256E2C6E7C940030FE73 /* GetServiceProtocol.swift */,
				CD9AE1EB2C6FA0D000373318 /* DataError.swift */,
			);
			path = Services;
			sourceTree = "<group>";
		};
		CD4325282C6D29770030FE73 /* PreviewMocks */ = {
			isa = PBXGroup;
			children = (
				CD4325292C6D299B0030FE73 /* MockLocationsGetService.swift */,
				CD43252D2C6E237A0030FE73 /* MockMainCoordinator.swift */,
			);
			path = PreviewMocks;
			sourceTree = "<group>";
		};
		CD43252F2C6E28490030FE73 /* AddLocation */ = {
			isa = PBXGroup;
			children = (
				CD4325302C6E28620030FE73 /* AddLocationViewController.swift */,
				CD4325322C6E28740030FE73 /* AddLocationView.swift */,
				CD4325342C6E288B0030FE73 /* AddLocationViewModel.swift */,
			);
			path = AddLocation;
			sourceTree = "<group>";
		};
		CD4325722C6E89450030FE73 /* Network */ = {
			isa = PBXGroup;
			children = (
				CD9AE1F82C6FBAA200373318 /* Services */,
				CD9AE1F22C6FB35000373318 /* Parser */,
			);
			path = Network;
			sourceTree = "<group>";
		};
		CD4325752C6E8A250030FE73 /* Mock */ = {
			isa = PBXGroup;
			children = (
				CD4325762C6E8A390030FE73 /* MockURLProtocol.swift */,
			);
			path = Mock;
			sourceTree = "<group>";
		};
		CD9AE1E82C6F533200373318 /* Parser */ = {
			isa = PBXGroup;
			children = (
				CD9AE1E92C6F536F00373318 /* LocationsGetServiceParser.swift */,
			);
			path = Parser;
			sourceTree = "<group>";
		};
		CD9AE1ED2C6FA0F800373318 /* Extensions */ = {
			isa = PBXGroup;
			children = (
				CD9AE1EE2C6FA12100373318 /* HTTPURLResponseExtension.swift */,
				CD9AE1F02C6FA14D00373318 /* NSErrorExtension.swift */,
			);
			path = Extensions;
			sourceTree = "<group>";
		};
		CD9AE1F22C6FB35000373318 /* Parser */ = {
			isa = PBXGroup;
			children = (
				CD9AE1F32C6FB36300373318 /* LocationsGetServiceParserTests.swift */,
			);
			path = Parser;
			sourceTree = "<group>";
		};
		CD9AE1F52C6FB38A00373318 /* Fixtures */ = {
			isa = PBXGroup;
			children = (
				CD9AE1F62C6FB3CD00373318 /* LocationsFixture.swift */,
			);
			path = Fixtures;
			sourceTree = "<group>";
		};
		CD9AE1F82C6FBAA200373318 /* Services */ = {
			isa = PBXGroup;
			children = (
				CD4325732C6E89C40030FE73 /* LocationsGetServiceTests.swift */,
			);
			path = Services;
			sourceTree = "<group>";
		};
/* End PBXGroup section */

/* Begin PBXNativeTarget section */
		CD4324CC2C6D16BF0030FE73 /* Places */ = {
			isa = PBXNativeTarget;
			buildConfigurationList = CD4324F72C6D16C10030FE73 /* Build configuration list for PBXNativeTarget "Places" */;
			buildPhases = (
				CD4324C92C6D16BF0030FE73 /* Sources */,
				CD4324CA2C6D16BF0030FE73 /* Frameworks */,
				CD4324CB2C6D16BF0030FE73 /* Resources */,
			);
			buildRules = (
			);
			dependencies = (
			);
			name = Places;
			productName = Places;
			productReference = CD4324CD2C6D16BF0030FE73 /* Places.app */;
			productType = "com.apple.product-type.application";
		};
		CD4324E22C6D16C10030FE73 /* PlacesTests */ = {
			isa = PBXNativeTarget;
			buildConfigurationList = CD4324FA2C6D16C10030FE73 /* Build configuration list for PBXNativeTarget "PlacesTests" */;
			buildPhases = (
				CD4324DF2C6D16C10030FE73 /* Sources */,
				CD4324E02C6D16C10030FE73 /* Frameworks */,
				CD4324E12C6D16C10030FE73 /* Resources */,
			);
			buildRules = (
			);
			dependencies = (
				CD4324E52C6D16C10030FE73 /* PBXTargetDependency */,
			);
			name = PlacesTests;
			productName = PlacesTests;
			productReference = CD4324E32C6D16C10030FE73 /* PlacesTests.xctest */;
			productType = "com.apple.product-type.bundle.unit-test";
		};
		CD4324EC2C6D16C10030FE73 /* PlacesUITests */ = {
			isa = PBXNativeTarget;
			buildConfigurationList = CD4324FD2C6D16C10030FE73 /* Build configuration list for PBXNativeTarget "PlacesUITests" */;
			buildPhases = (
				CD4324E92C6D16C10030FE73 /* Sources */,
				CD4324EA2C6D16C10030FE73 /* Frameworks */,
				CD4324EB2C6D16C10030FE73 /* Resources */,
			);
			buildRules = (
			);
			dependencies = (
				CD4324EF2C6D16C10030FE73 /* PBXTargetDependency */,
			);
			name = PlacesUITests;
			productName = PlacesUITests;
			productReference = CD4324ED2C6D16C10030FE73 /* PlacesUITests.xctest */;
			productType = "com.apple.product-type.bundle.ui-testing";
		};
/* End PBXNativeTarget section */

/* Begin PBXProject section */
		CD4324C52C6D16BF0030FE73 /* Project object */ = {
			isa = PBXProject;
			attributes = {
				BuildIndependentTargetsInParallel = 1;
				LastSwiftUpdateCheck = 1530;
				LastUpgradeCheck = 1530;
				TargetAttributes = {
					CD4324CC2C6D16BF0030FE73 = {
						CreatedOnToolsVersion = 15.3;
					};
					CD4324E22C6D16C10030FE73 = {
						CreatedOnToolsVersion = 15.3;
						LastSwiftMigration = 1530;
						TestTargetID = CD4324CC2C6D16BF0030FE73;
					};
					CD4324EC2C6D16C10030FE73 = {
						CreatedOnToolsVersion = 15.3;
						TestTargetID = CD4324CC2C6D16BF0030FE73;
					};
				};
			};
			buildConfigurationList = CD4324C82C6D16BF0030FE73 /* Build configuration list for PBXProject "Places" */;
			compatibilityVersion = "Xcode 14.0";
			developmentRegion = en;
			hasScannedForEncodings = 0;
			knownRegions = (
				en,
				Base,
			);
			mainGroup = CD4324C42C6D16BF0030FE73;
			productRefGroup = CD4324CE2C6D16BF0030FE73 /* Products */;
			projectDirPath = "";
			projectRoot = "";
			targets = (
				CD4324CC2C6D16BF0030FE73 /* Places */,
				CD4324E22C6D16C10030FE73 /* PlacesTests */,
				CD4324EC2C6D16C10030FE73 /* PlacesUITests */,
			);
		};
/* End PBXProject section */

/* Begin PBXResourcesBuildPhase section */
		CD4324CB2C6D16BF0030FE73 /* Resources */ = {
			isa = PBXResourcesBuildPhase;
			buildActionMask = 2147483647;
			files = (
				CD4324DA2C6D16C10030FE73 /* Assets.xcassets in Resources */,
				CD4324DD2C6D16C10030FE73 /* Base in Resources */,
			);
			runOnlyForDeploymentPostprocessing = 0;
		};
		CD4324E12C6D16C10030FE73 /* Resources */ = {
			isa = PBXResourcesBuildPhase;
			buildActionMask = 2147483647;
			files = (
			);
			runOnlyForDeploymentPostprocessing = 0;
		};
		CD4324EB2C6D16C10030FE73 /* Resources */ = {
			isa = PBXResourcesBuildPhase;
			buildActionMask = 2147483647;
			files = (
			);
			runOnlyForDeploymentPostprocessing = 0;
		};
/* End PBXResourcesBuildPhase section */

/* Begin PBXSourcesBuildPhase section */
		CD4324C92C6D16BF0030FE73 /* Sources */ = {
			isa = PBXSourcesBuildPhase;
			buildActionMask = 2147483647;
			files = (
				CD4325212C6D26C00030FE73 /* Location.swift in Sources */,
				CD43252E2C6E237A0030FE73 /* MockMainCoordinator.swift in Sources */,
				CD9AE1EA2C6F536F00373318 /* LocationsGetServiceParser.swift in Sources */,
				CD43251F2C6D26A80030FE73 /* LocationsGetResponse.swift in Sources */,
				CD43250B2C6D19B10030FE73 /* PlacesView.swift in Sources */,
				CD43252A2C6D299B0030FE73 /* MockLocationsGetService.swift in Sources */,
				CD9AE1EF2C6FA12100373318 /* HTTPURLResponseExtension.swift in Sources */,
				CD9AE1F12C6FA14D00373318 /* NSErrorExtension.swift in Sources */,
				CD4325052C6D18680030FE73 /* MainCoordinator.swift in Sources */,
				CD4325352C6E288B0030FE73 /* AddLocationViewModel.swift in Sources */,
				CD4325312C6E28620030FE73 /* AddLocationViewController.swift in Sources */,
				CD4325092C6D19790030FE73 /* PlacesViewController.swift in Sources */,
				CD9AE1EC2C6FA0D000373318 /* DataError.swift in Sources */,
				CD43256F2C6E7C940030FE73 /* GetServiceProtocol.swift in Sources */,
				CD43252C2C6D3A720030FE73 /* PlaceItemViewModel.swift in Sources */,
				CD4325272C6D28D10030FE73 /* PlacesViewModel.swift in Sources */,
				CD4325712C6E80330030FE73 /* Configuration.swift in Sources */,
				CD4325032C6D18550030FE73 /* MainCoordinatorProtocol.swift in Sources */,
				CD4324D12C6D16BF0030FE73 /* AppDelegate.swift in Sources */,
				CD4325332C6E28740030FE73 /* AddLocationView.swift in Sources */,
				CD43250D2C6D1A240030FE73 /* Factory.swift in Sources */,
				CD4325252C6D27A10030FE73 /* LocationsGetService.swift in Sources */,
			);
			runOnlyForDeploymentPostprocessing = 0;
		};
		CD4324DF2C6D16C10030FE73 /* Sources */ = {
			isa = PBXSourcesBuildPhase;
			buildActionMask = 2147483647;
			files = (
				CD9AE1F72C6FB3CD00373318 /* LocationsFixture.swift in Sources */,
				CD4325742C6E89C40030FE73 /* LocationsGetServiceTests.swift in Sources */,
				CD9AE1F42C6FB36300373318 /* LocationsGetServiceParserTests.swift in Sources */,
				CD4325772C6E8A390030FE73 /* MockURLProtocol.swift in Sources */,
			);
			runOnlyForDeploymentPostprocessing = 0;
		};
		CD4324E92C6D16C10030FE73 /* Sources */ = {
			isa = PBXSourcesBuildPhase;
			buildActionMask = 2147483647;
			files = (
				CD4324F42C6D16C10030FE73 /* PlacesUITestsLaunchTests.swift in Sources */,
				CD4324F22C6D16C10030FE73 /* PlacesUITests.swift in Sources */,
			);
			runOnlyForDeploymentPostprocessing = 0;
		};
/* End PBXSourcesBuildPhase section */

/* Begin PBXTargetDependency section */
		CD4324E52C6D16C10030FE73 /* PBXTargetDependency */ = {
			isa = PBXTargetDependency;
			target = CD4324CC2C6D16BF0030FE73 /* Places */;
			targetProxy = CD4324E42C6D16C10030FE73 /* PBXContainerItemProxy */;
		};
		CD4324EF2C6D16C10030FE73 /* PBXTargetDependency */ = {
			isa = PBXTargetDependency;
			target = CD4324CC2C6D16BF0030FE73 /* Places */;
			targetProxy = CD4324EE2C6D16C10030FE73 /* PBXContainerItemProxy */;
		};
/* End PBXTargetDependency section */

/* Begin PBXVariantGroup section */
		CD4324DB2C6D16C10030FE73 /* LaunchScreen.storyboard */ = {
			isa = PBXVariantGroup;
			children = (
				CD4324DC2C6D16C10030FE73 /* Base */,
			);
			name = LaunchScreen.storyboard;
			sourceTree = "<group>";
		};
/* End PBXVariantGroup section */

/* Begin XCBuildConfiguration section */
		CD4324F52C6D16C10030FE73 /* Debug */ = {
			isa = XCBuildConfiguration;
			buildSettings = {
				ALWAYS_SEARCH_USER_PATHS = NO;
				ASSETCATALOG_COMPILER_GENERATE_SWIFT_ASSET_SYMBOL_EXTENSIONS = YES;
				CLANG_ANALYZER_NONNULL = YES;
				CLANG_ANALYZER_NUMBER_OBJECT_CONVERSION = YES_AGGRESSIVE;
				CLANG_CXX_LANGUAGE_STANDARD = "gnu++20";
				CLANG_ENABLE_MODULES = YES;
				CLANG_ENABLE_OBJC_ARC = YES;
				CLANG_ENABLE_OBJC_WEAK = YES;
				CLANG_WARN_BLOCK_CAPTURE_AUTORELEASING = YES;
				CLANG_WARN_BOOL_CONVERSION = YES;
				CLANG_WARN_COMMA = YES;
				CLANG_WARN_CONSTANT_CONVERSION = YES;
				CLANG_WARN_DEPRECATED_OBJC_IMPLEMENTATIONS = YES;
				CLANG_WARN_DIRECT_OBJC_ISA_USAGE = YES_ERROR;
				CLANG_WARN_DOCUMENTATION_COMMENTS = YES;
				CLANG_WARN_EMPTY_BODY = YES;
				CLANG_WARN_ENUM_CONVERSION = YES;
				CLANG_WARN_INFINITE_RECURSION = YES;
				CLANG_WARN_INT_CONVERSION = YES;
				CLANG_WARN_NON_LITERAL_NULL_CONVERSION = YES;
				CLANG_WARN_OBJC_IMPLICIT_RETAIN_SELF = YES;
				CLANG_WARN_OBJC_LITERAL_CONVERSION = YES;
				CLANG_WARN_OBJC_ROOT_CLASS = YES_ERROR;
				CLANG_WARN_QUOTED_INCLUDE_IN_FRAMEWORK_HEADER = YES;
				CLANG_WARN_RANGE_LOOP_ANALYSIS = YES;
				CLANG_WARN_STRICT_PROTOTYPES = YES;
				CLANG_WARN_SUSPICIOUS_MOVE = YES;
				CLANG_WARN_UNGUARDED_AVAILABILITY = YES_AGGRESSIVE;
				CLANG_WARN_UNREACHABLE_CODE = YES;
				CLANG_WARN__DUPLICATE_METHOD_MATCH = YES;
				COPY_PHASE_STRIP = NO;
				DEBUG_INFORMATION_FORMAT = dwarf;
				ENABLE_STRICT_OBJC_MSGSEND = YES;
				ENABLE_TESTABILITY = YES;
				ENABLE_USER_SCRIPT_SANDBOXING = YES;
				GCC_C_LANGUAGE_STANDARD = gnu17;
				GCC_DYNAMIC_NO_PIC = NO;
				GCC_NO_COMMON_BLOCKS = YES;
				GCC_OPTIMIZATION_LEVEL = 0;
				GCC_PREPROCESSOR_DEFINITIONS = (
					"DEBUG=1",
					"$(inherited)",
				);
				GCC_WARN_64_TO_32_BIT_CONVERSION = YES;
				GCC_WARN_ABOUT_RETURN_TYPE = YES_ERROR;
				GCC_WARN_UNDECLARED_SELECTOR = YES;
				GCC_WARN_UNINITIALIZED_AUTOS = YES_AGGRESSIVE;
				GCC_WARN_UNUSED_FUNCTION = YES;
				GCC_WARN_UNUSED_VARIABLE = YES;
				IPHONEOS_DEPLOYMENT_TARGET = 17.4;
				LOCALIZATION_PREFERS_STRING_CATALOGS = YES;
				MTL_ENABLE_DEBUG_INFO = INCLUDE_SOURCE;
				MTL_FAST_MATH = YES;
				ONLY_ACTIVE_ARCH = YES;
				SDKROOT = iphoneos;
				SWIFT_ACTIVE_COMPILATION_CONDITIONS = "DEBUG $(inherited)";
				SWIFT_OPTIMIZATION_LEVEL = "-Onone";
			};
			name = Debug;
		};
		CD4324F62C6D16C10030FE73 /* Release */ = {
			isa = XCBuildConfiguration;
			buildSettings = {
				ALWAYS_SEARCH_USER_PATHS = NO;
				ASSETCATALOG_COMPILER_GENERATE_SWIFT_ASSET_SYMBOL_EXTENSIONS = YES;
				CLANG_ANALYZER_NONNULL = YES;
				CLANG_ANALYZER_NUMBER_OBJECT_CONVERSION = YES_AGGRESSIVE;
				CLANG_CXX_LANGUAGE_STANDARD = "gnu++20";
				CLANG_ENABLE_MODULES = YES;
				CLANG_ENABLE_OBJC_ARC = YES;
				CLANG_ENABLE_OBJC_WEAK = YES;
				CLANG_WARN_BLOCK_CAPTURE_AUTORELEASING = YES;
				CLANG_WARN_BOOL_CONVERSION = YES;
				CLANG_WARN_COMMA = YES;
				CLANG_WARN_CONSTANT_CONVERSION = YES;
				CLANG_WARN_DEPRECATED_OBJC_IMPLEMENTATIONS = YES;
				CLANG_WARN_DIRECT_OBJC_ISA_USAGE = YES_ERROR;
				CLANG_WARN_DOCUMENTATION_COMMENTS = YES;
				CLANG_WARN_EMPTY_BODY = YES;
				CLANG_WARN_ENUM_CONVERSION = YES;
				CLANG_WARN_INFINITE_RECURSION = YES;
				CLANG_WARN_INT_CONVERSION = YES;
				CLANG_WARN_NON_LITERAL_NULL_CONVERSION = YES;
				CLANG_WARN_OBJC_IMPLICIT_RETAIN_SELF = YES;
				CLANG_WARN_OBJC_LITERAL_CONVERSION = YES;
				CLANG_WARN_OBJC_ROOT_CLASS = YES_ERROR;
				CLANG_WARN_QUOTED_INCLUDE_IN_FRAMEWORK_HEADER = YES;
				CLANG_WARN_RANGE_LOOP_ANALYSIS = YES;
				CLANG_WARN_STRICT_PROTOTYPES = YES;
				CLANG_WARN_SUSPICIOUS_MOVE = YES;
				CLANG_WARN_UNGUARDED_AVAILABILITY = YES_AGGRESSIVE;
				CLANG_WARN_UNREACHABLE_CODE = YES;
				CLANG_WARN__DUPLICATE_METHOD_MATCH = YES;
				COPY_PHASE_STRIP = NO;
				DEBUG_INFORMATION_FORMAT = "dwarf-with-dsym";
				ENABLE_NS_ASSERTIONS = NO;
				ENABLE_STRICT_OBJC_MSGSEND = YES;
				ENABLE_USER_SCRIPT_SANDBOXING = YES;
				GCC_C_LANGUAGE_STANDARD = gnu17;
				GCC_NO_COMMON_BLOCKS = YES;
				GCC_WARN_64_TO_32_BIT_CONVERSION = YES;
				GCC_WARN_ABOUT_RETURN_TYPE = YES_ERROR;
				GCC_WARN_UNDECLARED_SELECTOR = YES;
				GCC_WARN_UNINITIALIZED_AUTOS = YES_AGGRESSIVE;
				GCC_WARN_UNUSED_FUNCTION = YES;
				GCC_WARN_UNUSED_VARIABLE = YES;
				IPHONEOS_DEPLOYMENT_TARGET = 17.4;
				LOCALIZATION_PREFERS_STRING_CATALOGS = YES;
				MTL_ENABLE_DEBUG_INFO = NO;
				MTL_FAST_MATH = YES;
				SDKROOT = iphoneos;
				SWIFT_COMPILATION_MODE = wholemodule;
				VALIDATE_PRODUCT = YES;
			};
			name = Release;
		};
		CD4324F82C6D16C10030FE73 /* Debug */ = {
			isa = XCBuildConfiguration;
			buildSettings = {
				ASSETCATALOG_COMPILER_APPICON_NAME = AppIcon;
				ASSETCATALOG_COMPILER_GLOBAL_ACCENT_COLOR_NAME = AccentColor;
				CODE_SIGN_STYLE = Automatic;
				CURRENT_PROJECT_VERSION = 1;
				DEVELOPMENT_TEAM = 8U966GA36Y;
				GENERATE_INFOPLIST_FILE = YES;
				INFOPLIST_FILE = Places/Info.plist;
				INFOPLIST_KEY_UIApplicationSupportsIndirectInputEvents = YES;
				INFOPLIST_KEY_UILaunchStoryboardName = LaunchScreen;
				INFOPLIST_KEY_UISupportedInterfaceOrientations_iPad = "UIInterfaceOrientationPortrait UIInterfaceOrientationPortraitUpsideDown UIInterfaceOrientationLandscapeLeft UIInterfaceOrientationLandscapeRight";
				INFOPLIST_KEY_UISupportedInterfaceOrientations_iPhone = "UIInterfaceOrientationPortrait UIInterfaceOrientationLandscapeLeft UIInterfaceOrientationLandscapeRight";
				LD_RUNPATH_SEARCH_PATHS = (
					"$(inherited)",
					"@executable_path/Frameworks",
				);
				MARKETING_VERSION = 1.0;
				PRODUCT_BUNDLE_IDENTIFIER = com.ranjeetbalkawade.Places;
				PRODUCT_NAME = "$(TARGET_NAME)";
				SWIFT_EMIT_LOC_STRINGS = YES;
				SWIFT_VERSION = 5.0;
				TARGETED_DEVICE_FAMILY = "1,2";
			};
			name = Debug;
		};
		CD4324F92C6D16C10030FE73 /* Release */ = {
			isa = XCBuildConfiguration;
			buildSettings = {
				ASSETCATALOG_COMPILER_APPICON_NAME = AppIcon;
				ASSETCATALOG_COMPILER_GLOBAL_ACCENT_COLOR_NAME = AccentColor;
				CODE_SIGN_STYLE = Automatic;
				CURRENT_PROJECT_VERSION = 1;
				DEVELOPMENT_TEAM = 8U966GA36Y;
				GENERATE_INFOPLIST_FILE = YES;
				INFOPLIST_FILE = Places/Info.plist;
				INFOPLIST_KEY_UIApplicationSupportsIndirectInputEvents = YES;
				INFOPLIST_KEY_UILaunchStoryboardName = LaunchScreen;
				INFOPLIST_KEY_UISupportedInterfaceOrientations_iPad = "UIInterfaceOrientationPortrait UIInterfaceOrientationPortraitUpsideDown UIInterfaceOrientationLandscapeLeft UIInterfaceOrientationLandscapeRight";
				INFOPLIST_KEY_UISupportedInterfaceOrientations_iPhone = "UIInterfaceOrientationPortrait UIInterfaceOrientationLandscapeLeft UIInterfaceOrientationLandscapeRight";
				LD_RUNPATH_SEARCH_PATHS = (
					"$(inherited)",
					"@executable_path/Frameworks",
				);
				MARKETING_VERSION = 1.0;
				PRODUCT_BUNDLE_IDENTIFIER = com.ranjeetbalkawade.Places;
				PRODUCT_NAME = "$(TARGET_NAME)";
				SWIFT_EMIT_LOC_STRINGS = YES;
				SWIFT_VERSION = 5.0;
				TARGETED_DEVICE_FAMILY = "1,2";
			};
			name = Release;
		};
		CD4324FB2C6D16C10030FE73 /* Debug */ = {
			isa = XCBuildConfiguration;
			buildSettings = {
				ALWAYS_EMBED_SWIFT_STANDARD_LIBRARIES = YES;
				BUNDLE_LOADER = "$(TEST_HOST)";
				CODE_SIGN_STYLE = Automatic;
				CURRENT_PROJECT_VERSION = 1;
				DEVELOPMENT_TEAM = 8U966GA36Y;
				GENERATE_INFOPLIST_FILE = YES;
				IPHONEOS_DEPLOYMENT_TARGET = 17.4;
				MARKETING_VERSION = 1.0;
				PRODUCT_BUNDLE_IDENTIFIER = com.ranjeetbalkawade.PlacesTests;
				PRODUCT_NAME = "$(TARGET_NAME)";
				SWIFT_EMIT_LOC_STRINGS = NO;
				SWIFT_VERSION = 5.0;
				TARGETED_DEVICE_FAMILY = "1,2";
				TEST_HOST = "$(BUILT_PRODUCTS_DIR)/Places.app/$(BUNDLE_EXECUTABLE_FOLDER_PATH)/Places";
			};
			name = Debug;
		};
		CD4324FC2C6D16C10030FE73 /* Release */ = {
			isa = XCBuildConfiguration;
			buildSettings = {
				ALWAYS_EMBED_SWIFT_STANDARD_LIBRARIES = YES;
				BUNDLE_LOADER = "$(TEST_HOST)";
				CODE_SIGN_STYLE = Automatic;
				CURRENT_PROJECT_VERSION = 1;
				DEVELOPMENT_TEAM = 8U966GA36Y;
				GENERATE_INFOPLIST_FILE = YES;
				IPHONEOS_DEPLOYMENT_TARGET = 17.4;
				MARKETING_VERSION = 1.0;
				PRODUCT_BUNDLE_IDENTIFIER = com.ranjeetbalkawade.PlacesTests;
				PRODUCT_NAME = "$(TARGET_NAME)";
				SWIFT_EMIT_LOC_STRINGS = NO;
				SWIFT_VERSION = 5.0;
				TARGETED_DEVICE_FAMILY = "1,2";
				TEST_HOST = "$(BUILT_PRODUCTS_DIR)/Places.app/$(BUNDLE_EXECUTABLE_FOLDER_PATH)/Places";
			};
			name = Release;
		};
		CD4324FE2C6D16C10030FE73 /* Debug */ = {
			isa = XCBuildConfiguration;
			buildSettings = {
				ALWAYS_EMBED_SWIFT_STANDARD_LIBRARIES = YES;
				CODE_SIGN_STYLE = Automatic;
				CURRENT_PROJECT_VERSION = 1;
				DEVELOPMENT_TEAM = 8U966GA36Y;
				GENERATE_INFOPLIST_FILE = YES;
				MARKETING_VERSION = 1.0;
				PRODUCT_BUNDLE_IDENTIFIER = com.ranjeetbalkawade.PlacesUITests;
				PRODUCT_NAME = "$(TARGET_NAME)";
				SWIFT_EMIT_LOC_STRINGS = NO;
				SWIFT_VERSION = 5.0;
				TARGETED_DEVICE_FAMILY = "1,2";
				TEST_TARGET_NAME = Places;
			};
			name = Debug;
		};
		CD4324FF2C6D16C10030FE73 /* Release */ = {
			isa = XCBuildConfiguration;
			buildSettings = {
				ALWAYS_EMBED_SWIFT_STANDARD_LIBRARIES = YES;
				CODE_SIGN_STYLE = Automatic;
				CURRENT_PROJECT_VERSION = 1;
				DEVELOPMENT_TEAM = 8U966GA36Y;
				GENERATE_INFOPLIST_FILE = YES;
				MARKETING_VERSION = 1.0;
				PRODUCT_BUNDLE_IDENTIFIER = com.ranjeetbalkawade.PlacesUITests;
				PRODUCT_NAME = "$(TARGET_NAME)";
				SWIFT_EMIT_LOC_STRINGS = NO;
				SWIFT_VERSION = 5.0;
				TARGETED_DEVICE_FAMILY = "1,2";
				TEST_TARGET_NAME = Places;
			};
			name = Release;
		};
/* End XCBuildConfiguration section */

/* Begin XCConfigurationList section */
		CD4324C82C6D16BF0030FE73 /* Build configuration list for PBXProject "Places" */ = {
			isa = XCConfigurationList;
			buildConfigurations = (
				CD4324F52C6D16C10030FE73 /* Debug */,
				CD4324F62C6D16C10030FE73 /* Release */,
			);
			defaultConfigurationIsVisible = 0;
			defaultConfigurationName = Release;
		};
		CD4324F72C6D16C10030FE73 /* Build configuration list for PBXNativeTarget "Places" */ = {
			isa = XCConfigurationList;
			buildConfigurations = (
				CD4324F82C6D16C10030FE73 /* Debug */,
				CD4324F92C6D16C10030FE73 /* Release */,
			);
			defaultConfigurationIsVisible = 0;
			defaultConfigurationName = Release;
		};
		CD4324FA2C6D16C10030FE73 /* Build configuration list for PBXNativeTarget "PlacesTests" */ = {
			isa = XCConfigurationList;
			buildConfigurations = (
				CD4324FB2C6D16C10030FE73 /* Debug */,
				CD4324FC2C6D16C10030FE73 /* Release */,
			);
			defaultConfigurationIsVisible = 0;
			defaultConfigurationName = Release;
		};
		CD4324FD2C6D16C10030FE73 /* Build configuration list for PBXNativeTarget "PlacesUITests" */ = {
			isa = XCConfigurationList;
			buildConfigurations = (
				CD4324FE2C6D16C10030FE73 /* Debug */,
				CD4324FF2C6D16C10030FE73 /* Release */,
			);
			defaultConfigurationIsVisible = 0;
			defaultConfigurationName = Release;
		};
/* End XCConfigurationList section */
	};
	rootObject = CD4324C52C6D16BF0030FE73 /* Project object */;
}
